
Microsoft Visual Studio Solution File, Format Version 12.00
# Visual Studio Version 16
VisualStudioVersion = 25.0.1703.0
MinimumVisualStudioVersion = 10.0.40219.1
Project("{FAE04EC0-301F-11D3-BF4B-00C04F79EFBC}") = "DockerTest", "DockerTest\DockerTest.csproj", "{E76F1175-E4DC-4DF2-9BDC-8766B7D278AA}"
EndProject
Project("{E53339B2-1760-4266-BCC7-CA923CBCF16C}") = "docker-compose", "docker-compose.dcproj", "{DE0B0737-29D0-45B0-A360-51439AA7D041}"
EndProject
Global
	GlobalSection(SolutionConfigurationPlatforms) = preSolution
		Debug|Any CPU = Debug|Any CPU
		Release|Any CPU = Release|Any CPU
	EndGlobalSection
	GlobalSection(ProjectConfigurationPlatforms) = postSolution
		{E76F1175-E4DC-4DF2-9BDC-8766B7D278AA}.Debug|Any CPU.ActiveCfg = Debug|Any CPU
		{E76F1175-E4DC-4DF2-9BDC-8766B7D278AA}.Debug|Any CPU.Build.0 = Debug|Any CPU
		{E76F1175-E4DC-4DF2-9BDC-8766B7D278AA}.Release|Any CPU.ActiveCfg = Release|Any CPU
		{E76F1175-E4DC-4DF2-9BDC-8766B7D278AA}.Release|Any CPU.Build.0 = Release|Any CPU
		{DE0B0737-29D0-45B0-A360-51439AA7D041}.Debug|Any CPU.ActiveCfg = Debug|Any CPU
		{DE0B0737-29D0-45B0-A360-51439AA7D041}.Debug|Any CPU.Build.0 = Debug|Any CPU
		{DE0B0737-29D0-45B0-A360-51439AA7D041}.Release|Any CPU.ActiveCfg = Release|Any CPU
		{DE0B0737-29D0-45B0-A360-51439AA7D041}.Release|Any CPU.Build.0 = Release|Any CPU
	EndGlobalSection
	GlobalSection(SolutionProperties) = preSolution
		HideSolutionNode = FALSE
	EndGlobalSection
	GlobalSection(ExtensibilityGlobals) = postSolution
		SolutionGuid = {EAB1F2F7-5B69-4903-A5E0-546CDAB909EE}
	EndGlobalSection
EndGlobal
